
Microsoft Visual Studio Solution File, Format Version 12.00
# Visual Studio Version 16
VisualStudioVersion = 16.0.31911.196
MinimumVisualStudioVersion = 10.0.40219.1
Project("{FAE04EC0-301F-11D3-BF4B-00C04F79EFBC}") = "Demo1", "Demo1\Demo1.csproj", "{9D9300DC-4766-46BA-B551-940E9BF5F28A}"
EndProject
Global
	GlobalSection(SolutionConfigurationPlatforms) = preSolution
		Debug|Any CPU = Debug|Any CPU
		Release|Any CPU = Release|Any CPU
	EndGlobalSection
	GlobalSection(ProjectConfigurationPlatforms) = postSolution
		{9D9300DC-4766-46BA-B551-940E9BF5F28A}.Debug|Any CPU.ActiveCfg = Debug|Any CPU
		{9D9300DC-4766-46BA-B551-940E9BF5F28A}.Debug|Any CPU.Build.0 = Debug|Any CPU
		{9D9300DC-4766-46BA-B551-940E9BF5F28A}.Release|Any CPU.ActiveCfg = Release|Any CPU
		{9D9300DC-4766-46BA-B551-940E9BF5F28A}.Release|Any CPU.Build.0 = Release|Any CPU
	EndGlobalSection
	GlobalSection(SolutionProperties) = preSolution
		HideSolutionNode = FALSE
	EndGlobalSection
	GlobalSection(ExtensibilityGlobals) = postSolution
		SolutionGuid = {BE4FBCD5-ACD2-4714-A450-C5AD5116C8D7}
	EndGlobalSection
EndGlobal
